<?xml version="1.0" encoding="utf-8"?>
<Project ToolsVersion="4.0" xmlns="http://schemas.microsoft.com/developer/msbuild/2003">
  <ItemGroup>
    <ClCompile Include="Source\GlobalHarvesting.cpp">
      <Filter>ZerGreenAI\Harvesting</Filter>
    </ClCompile>
    <ClCompile Include="Source\LocalHarvesting.cpp">
      <Filter>ZerGreenAI\Harvesting</Filter>
    </ClCompile>
    <ClCompile Include="Source\Construction.cpp">
      <Filter>ZerGreenAI\Production</Filter>
    </ClCompile>
    <ClCompile Include="Source\ResourceAllocator.cpp">
      <Filter>ZerGreenAI\Management</Filter>
    </ClCompile>
    <ClCompile Include="Source\BM.cpp">
      <Filter>ZerGreenAI\Chat</Filter>
    </ClCompile>
    <ClCompile Include="Source\Cheats.cpp">
      <Filter>ZerGreenAI\Chat</Filter>
    </ClCompile>
    <ClCompile Include="Source\Production.cpp">
      <Filter>ZerGreenAI\Production</Filter>
    </ClCompile>
    <ClCompile Include="Source\LayoutPlanner.cpp">
      <Filter>ZerGreenAI\Production</Filter>
    </ClCompile>
    <ClCompile Include="Source\Debug.cpp">
      <Filter>ZerGreenAI\Debug</Filter>
    </ClCompile>
    <ClCompile Include="Source\Timer.cpp">
      <Filter>ZerGreenAI\Debug</Filter>
    </ClCompile>
    <ClCompile Include="Source\Minimum.cpp">
      <Filter>ZerGreenAI\Utility</Filter>
    </ClCompile>
    <ClCompile Include="Source\OldCodePotentiallyUseful.cpp">
      <Filter>ZerGreenAI\Other</Filter>
    </ClCompile>
    <ClCompile Include="Source\BWEM\area.cpp">
      <Filter>BWEM</Filter>
    </ClCompile>
    <ClCompile Include="Source\BWEM\base.cpp">
      <Filter>BWEM</Filter>
    </ClCompile>
    <ClCompile Include="Source\BWEM\bwapiExt.cpp">
      <Filter>BWEM</Filter>
    </ClCompile>
    <ClCompile Include="Source\BWEM\bwem.cpp">
      <Filter>BWEM</Filter>
    </ClCompile>
    <ClCompile Include="Source\BWEM\cp.cpp">
      <Filter>BWEM</Filter>
    </ClCompile>
    <ClCompile Include="Source\BWEM\exampleWall.cpp">
      <Filter>BWEM</Filter>
    </ClCompile>
    <ClCompile Include="Source\BWEM\graph.cpp">
      <Filter>BWEM</Filter>
    </ClCompile>
    <ClCompile Include="Source\BWEM\gridMap.cpp">
      <Filter>BWEM</Filter>
    </ClCompile>
    <ClCompile Include="Source\BWEM\map.cpp">
      <Filter>BWEM</Filter>
    </ClCompile>
    <ClCompile Include="Source\BWEM\mapDrawer.cpp">
      <Filter>BWEM</Filter>
    </ClCompile>
    <ClCompile Include="Source\BWEM\mapImpl.cpp">
      <Filter>BWEM</Filter>
    </ClCompile>
    <ClCompile Include="Source\BWEM\neutral.cpp">
      <Filter>BWEM</Filter>
    </ClCompile>
    <ClCompile Include="Source\BWEM\tiles.cpp">
      <Filter>BWEM</Filter>
    </ClCompile>
    <ClCompile Include="Source\BWEM\utils.cpp">
      <Filter>BWEM</Filter>
    </ClCompile>
    <ClCompile Include="Source\BWEM\winutils.cpp">
      <Filter>BWEM</Filter>
    </ClCompile>
    <ClCompile Include="Source\MapAnalyser.cpp">
      <Filter>ZerGreenAI\Map Analysis</Filter>
    </ClCompile>
    <ClCompile Include="Source\Achievements.cpp">
      <Filter>ZerGreenAI\Chat</Filter>
    </ClCompile>
    <ClCompile Include="Source\Easter.cpp">
      <Filter>ZerGreenAI\Chat</Filter>
    </ClCompile>
    <ClCompile Include="Source\ProbeScout.cpp">
      <Filter>ZerGreenAI\Scouting/Intelligence</Filter>
    </ClCompile>
    <ClCompile Include="Source\Deathball.cpp">
      <Filter>ZerGreenAI\Combat</Filter>
    </ClCompile>
    <ClCompile Include="Source\ScoutAnalysis.cpp">
      <Filter>ZerGreenAI\Scouting/Intelligence</Filter>
    </ClCompile>
    <ClCompile Include="Source\CombatStrategist.cpp">
      <Filter>ZerGreenAI\Combat</Filter>
    </ClCompile>
    <ClCompile Include="Source\CombatAnalyst.cpp">
      <Filter>ZerGreenAI\Combat</Filter>
    </ClCompile>
    <ClCompile Include="Source\Upgrade.cpp">
      <Filter>ZerGreenAI\Production</Filter>
    </ClCompile>
    <ClCompile Include="Source\UnitManagement.cpp">
      <Filter>ZerGreenAI\Management</Filter>
    </ClCompile>
    <ClCompile Include="Source\bwStrings.cpp">
      <Filter>ZerGreenAI\BWAPI Extended</Filter>
    </ClCompile>
    <ClCompile Include="Source\EnemyMovement.cpp">
      <Filter>ZerGreenAI\Scouting/Intelligence</Filter>
    </ClCompile>
    <ClCompile Include="Source\EventExt.cpp">
      <Filter>ZerGreenAI\BWAPI Extended</Filter>
    </ClCompile>
    <ClCompile Include="Source\QueueUnitManagement.cpp">
      <Filter>ZerGreenAI\Management</Filter>
    </ClCompile>
    <ClCompile Include="Source\Dll.cpp">
      <Filter>ZerGreenAI\Main</Filter>
    </ClCompile>
    <ClCompile Include="Source\ZerGreenAI.cpp">
      <Filter>ZerGreenAI\Main</Filter>
    </ClCompile>
    <ClCompile Include="Source\IMPScoutManager.cpp">
      <Filter>ZerGreenAI\Scouting/Intelligence</Filter>
    </ClCompile>
    <ClCompile Include="Source\MicroCombatGroup.cpp">
      <Filter>ZerGreenAI\Combat</Filter>
    </ClCompile>
    <ClCompile Include="Source\MacroCombatGroup.cpp">
      <Filter>ZerGreenAI\Combat</Filter>
    </ClCompile>
    <ClCompile Include="Source\GeneralManagement.cpp">
      <Filter>ZerGreenAI\Management</Filter>
    </ClCompile>
    <ClCompile Include="Source\FAP.cpp">
      <Filter>ZerGreenAI\N00byEdge</Filter>
    </ClCompile>
    <ClCompile Include="Source\FAPUnitManager.cpp">
      <Filter>ZerGreenAI\N00byEdge</Filter>
    </ClCompile>
    <ClCompile Include="Source\FAPUtil.cpp">
      <Filter>ZerGreenAI\N00byEdge</Filter>
    </ClCompile>
    <ClCompile Include="Source\ModularNN.cpp">
      <Filter>ZerGreenAI\N00byEdge</Filter>
    </ClCompile>
    <ClCompile Include="Source\PylonConstruction.cpp">
      <Filter>ZerGreenAI\Production</Filter>
    </ClCompile>
    <ClCompile Include="Source\BuildOrderOld.cpp">
      <Filter>ZerGreenAI\Production</Filter>
    </ClCompile>
    <ClCompile Include="Source\BuildOrder.cpp">
      <Filter>ZerGreenAI\Production</Filter>
    </ClCompile>
  </ItemGroup>
  <ItemGroup>
    <ClInclude Include="Source\BWEM\area.h">
      <Filter>BWEM</Filter>
    </ClInclude>
    <ClInclude Include="Source\BWEM\base.h">
      <Filter>BWEM</Filter>
    </ClInclude>
    <ClInclude Include="Source\BWEM\bwapiExt.h">
      <Filter>BWEM</Filter>
    </ClInclude>
    <ClInclude Include="Source\BWEM\bwem.h">
      <Filter>BWEM</Filter>
    </ClInclude>
    <ClInclude Include="Source\BWEM\cp.h">
      <Filter>BWEM</Filter>
    </ClInclude>
    <ClInclude Include="Source\BWEM\defs.h">
      <Filter>BWEM</Filter>
    </ClInclude>
    <ClInclude Include="Source\BWEM\exampleWall.h">
      <Filter>BWEM</Filter>
    </ClInclude>
    <ClInclude Include="Source\BWEM\graph.h">
      <Filter>BWEM</Filter>
    </ClInclude>
    <ClInclude Include="Source\BWEM\gridMap.h">
      <Filter>BWEM</Filter>
    </ClInclude>
    <ClInclude Include="Source\BWEM\map.h">
      <Filter>BWEM</Filter>
    </ClInclude>
    <ClInclude Include="Source\BWEM\mapDrawer.h">
      <Filter>BWEM</Filter>
    </ClInclude>
    <ClInclude Include="Source\BWEM\mapImpl.h">
      <Filter>BWEM</Filter>
    </ClInclude>
    <ClInclude Include="Source\BWEM\neutral.h">
      <Filter>BWEM</Filter>
    </ClInclude>
    <ClInclude Include="Source\BWEM\tiles.h">
      <Filter>BWEM</Filter>
    </ClInclude>
    <ClInclude Include="Source\BWEM\utils.h">
      <Filter>BWEM</Filter>
    </ClInclude>
    <ClInclude Include="Source\BWEM\winutils.h">
      <Filter>BWEM</Filter>
    </ClInclude>
    <ClInclude Include="Source\MicroCombatGroup.hpp">
      <Filter>ZerGreenAI\Combat</Filter>
    </ClInclude>
    <ClInclude Include="Source\MacroCombatGroup.hpp">
      <Filter>ZerGreenAI\Combat</Filter>
    </ClInclude>
    <ClInclude Include="Source\Vector.hpp">
      <Filter>ZerGreenAI\Utility</Filter>
    </ClInclude>
    <ClInclude Include="Source\Timer.hpp">
      <Filter>ZerGreenAI\Debug</Filter>
    </ClInclude>
    <ClInclude Include="Source\Debug.hpp">
      <Filter>ZerGreenAI\Debug</Filter>
    </ClInclude>
    <ClInclude Include="Source\Achievements.hpp">
      <Filter>ZerGreenAI\Chat</Filter>
    </ClInclude>
    <ClInclude Include="Source\BM.hpp">
      <Filter>ZerGreenAI\Chat</Filter>
    </ClInclude>
    <ClInclude Include="Source\BWEMHashes.hpp">
      <Filter>ZerGreenAI\Other</Filter>
    </ClInclude>
    <ClInclude Include="Source\bwemL.hpp">
      <Filter>ZerGreenAI\Map Analysis</Filter>
    </ClInclude>
    <ClInclude Include="Source\bwStrings.hpp">
      <Filter>ZerGreenAI\BWAPI Extended</Filter>
    </ClInclude>
    <ClInclude Include="Source\Cheats.hpp">
      <Filter>ZerGreenAI\Chat</Filter>
    </ClInclude>
    <ClInclude Include="Source\CombatAnalyst.hpp">
      <Filter>ZerGreenAI\Combat</Filter>
    </ClInclude>
    <ClInclude Include="Source\CombatStrategist.hpp">
      <Filter>ZerGreenAI\Combat</Filter>
    </ClInclude>
    <ClInclude Include="Source\Construction.hpp">
      <Filter>ZerGreenAI\Production</Filter>
    </ClInclude>
    <ClInclude Include="Source\Deathball.hpp">
      <Filter>ZerGreenAI\Combat</Filter>
    </ClInclude>
    <ClInclude Include="Source\Easter.hpp">
      <Filter>ZerGreenAI\Chat</Filter>
    </ClInclude>
    <ClInclude Include="Source\EnemyMovement.hpp">
      <Filter>ZerGreenAI\Scouting/Intelligence</Filter>
    </ClInclude>
    <ClInclude Include="Source\EventExt.hpp">
      <Filter>ZerGreenAI\BWAPI Extended</Filter>
    </ClInclude>
    <ClInclude Include="Source\GeneralManagement.hpp">
      <Filter>ZerGreenAI\Management</Filter>
    </ClInclude>
    <ClInclude Include="Source\GlobalHarvesting.hpp">
      <Filter>ZerGreenAI\Harvesting</Filter>
    </ClInclude>
    <ClInclude Include="Source\Hashes.hpp">
      <Filter>ZerGreenAI\Other</Filter>
    </ClInclude>
    <ClInclude Include="Source\IMPScoutManager.hpp">
      <Filter>ZerGreenAI\Scouting/Intelligence</Filter>
    </ClInclude>
    <ClInclude Include="Source\LayoutPlanner.hpp">
      <Filter>ZerGreenAI\Production</Filter>
    </ClInclude>
    <ClInclude Include="Source\LocalHarvesting.hpp">
      <Filter>ZerGreenAI\Harvesting</Filter>
    </ClInclude>
    <ClInclude Include="Source\Minimum.hpp">
      <Filter>ZerGreenAI\Utility</Filter>
    </ClInclude>
    <ClInclude Include="Source\Namespaces.hpp">
      <Filter>ZerGreenAI\Other</Filter>
    </ClInclude>
    <ClInclude Include="Source\ProbeScout.hpp">
      <Filter>ZerGreenAI\Scouting/Intelligence</Filter>
    </ClInclude>
    <ClInclude Include="Source\Production.hpp">
      <Filter>ZerGreenAI\Production</Filter>
    </ClInclude>
    <ClInclude Include="Source\QueueUnitManagement.hpp">
      <Filter>ZerGreenAI\Management</Filter>
    </ClInclude>
    <ClInclude Include="Source\ResourceAllocator.hpp">
      <Filter>ZerGreenAI\Management</Filter>
    </ClInclude>
    <ClInclude Include="Source\ScoutAnalysis.hpp">
      <Filter>ZerGreenAI\Scouting/Intelligence</Filter>
    </ClInclude>
    <ClInclude Include="Source\UnitManagement.hpp">
      <Filter>ZerGreenAI\Management</Filter>
    </ClInclude>
    <ClInclude Include="Source\Upgrade.hpp">
      <Filter>ZerGreenAI\Production</Filter>
    </ClInclude>
    <ClInclude Include="Source\ZerGreenAI.hpp">
      <Filter>ZerGreenAI\Main</Filter>
    </ClInclude>
    <ClInclude Include="Source\MapAnalyser.hpp">
      <Filter>ZerGreenAI\Map Analysis</Filter>
    </ClInclude>
    <ClInclude Include="Source\TriangularGrid.hpp">
      <Filter>ZerGreenAI\Map Analysis</Filter>
    </ClInclude>
    <ClInclude Include="Source\stdafx.h">
      <Filter>ZerGreenAI\Main</Filter>
    </ClInclude>
    <ClInclude Include="Source\astar-algorithm-cpp-master\cpp\stlastar.h">
      <Filter>AStar</Filter>
    </ClInclude>
    <ClInclude Include="Source\astar-algorithm-cpp-master\cpp\fsa.h">
      <Filter>AStar</Filter>
    </ClInclude>
    <ClInclude Include="Source\FAP.h">
      <Filter>ZerGreenAI\N00byEdge</Filter>
    </ClInclude>
    <ClInclude Include="Source\FAPUnitManager.h">
      <Filter>ZerGreenAI\N00byEdge</Filter>
    </ClInclude>
    <ClInclude Include="Source\FAPUtil.h">
      <Filter>ZerGreenAI\N00byEdge</Filter>
    </ClInclude>
    <ClInclude Include="Source\ModularNN.h">
      <Filter>ZerGreenAI\N00byEdge</Filter>
    </ClInclude>
    <ClInclude Include="Source\PylonConstruction.hpp">
      <Filter>ZerGreenAI\Production</Filter>
    </ClInclude>
    <ClInclude Include="Source\BuildOrderOld.hpp">
      <Filter>ZerGreenAI\Production</Filter>
    </ClInclude>
    <ClInclude Include="Source\BuildOrder.hpp">
      <Filter>ZerGreenAI\Production</Filter>
    </ClInclude>
  </ItemGroup>
  <ItemGroup>
    <Filter Include="BWEM">
      <UniqueIdentifier>{9213832e-44a9-49d3-bcd8-e1b8a4249020}</UniqueIdentifier>
    </Filter>
    <Filter Include="ZerGreenAI">
      <UniqueIdentifier>{b64b36a3-8693-49e5-bc79-0eba1e2a5e06}</UniqueIdentifier>
    </Filter>
    <Filter Include="ZerGreenAI\Management">
      <UniqueIdentifier>{dc1b34d6-d4c9-4782-a0b4-ea07ff111557}</UniqueIdentifier>
    </Filter>
    <Filter Include="ZerGreenAI\Chat">
      <UniqueIdentifier>{793d31f8-0e4a-4fb3-844f-33dee5fb8253}</UniqueIdentifier>
    </Filter>
    <Filter Include="ZerGreenAI\Utility">
      <UniqueIdentifier>{48db7d91-d675-4869-8eac-6f00f6688607}</UniqueIdentifier>
    </Filter>
    <Filter Include="ZerGreenAI\Debug">
      <UniqueIdentifier>{5edef592-30b5-4a96-9bdb-0c08d2010819}</UniqueIdentifier>
    </Filter>
    <Filter Include="ZerGreenAI\Map Analysis">
      <UniqueIdentifier>{4c9e3470-bd6b-4b74-b965-0b7ad4f8f91a}</UniqueIdentifier>
    </Filter>
    <Filter Include="ZerGreenAI\Combat">
      <UniqueIdentifier>{899011b2-0b82-4690-8b0c-8b7b944a80be}</UniqueIdentifier>
    </Filter>
    <Filter Include="ZerGreenAI\Production">
      <UniqueIdentifier>{32fbcc41-fb01-4262-9eb6-a0a6d0d706d8}</UniqueIdentifier>
    </Filter>
    <Filter Include="ZerGreenAI\BWAPI Extended">
      <UniqueIdentifier>{949639f4-7355-48c0-b1a3-c876581506af}</UniqueIdentifier>
    </Filter>
    <Filter Include="ZerGreenAI\Harvesting">
      <UniqueIdentifier>{75ba9922-40b1-4c31-b986-79eea56063d2}</UniqueIdentifier>
    </Filter>
    <Filter Include="AStar">
      <UniqueIdentifier>{4fa49819-653b-46fb-b02f-39f058dd3d8d}</UniqueIdentifier>
    </Filter>
    <Filter Include="ZerGreenAI\Other">
      <UniqueIdentifier>{959ebf47-3697-4e35-a2d7-4610fb330e5f}</UniqueIdentifier>
    </Filter>
    <Filter Include="ZerGreenAI\Main">
      <UniqueIdentifier>{25607a34-c4e3-4e06-b416-407e5720df7e}</UniqueIdentifier>
    </Filter>
    <Filter Include="ZerGreenAI\Scouting/Intelligence">
      <UniqueIdentifier>{5973e7af-041b-436f-9799-0986dd2e6b6e}</UniqueIdentifier>
    </Filter>
    <Filter Include="ZerGreenAI\N00byEdge">
      <UniqueIdentifier>{67423660-2c2f-4f47-bcbc-270622baceaa}</UniqueIdentifier>
    </Filter>
  </ItemGroup>
  <ItemGroup>
    <Text Include="README.txt">
      <Filter>ZerGreenAI\Main</Filter>
    </Text>
  </ItemGroup>
  <ItemGroup>
    <None Include="Source\TriangularGrid.tpp">
      <Filter>ZerGreenAI\Map Analysis</Filter>
    </None>
  </ItemGroup>
</Project>