
Microsoft Visual Studio Solution File, Format Version 12.00
# Visual Studio 15
VisualStudioVersion = 15.0.26430.16
MinimumVisualStudioVersion = 10.0.40219.1
Project("{8BC9CEB8-8B4A-11D0-8D11-00A0C91BC942}") = "ZerGreenAI", "ZerGreenAI.vcxproj", "{2E63AE74-758A-4607-9DE4-D28E814A6E13}"
EndProject
Project("{8BC9CEB8-8B4A-11D0-8D11-00A0C91BC942}") = "CombatLearningAnalyst", "..\CombatLearningAnalyst\CombatLearningAnalyst.vcxproj", "{3A0D3499-06B0-4BA4-8160-B30D2DC98091}"
EndProject
Project("{8BC9CEB8-8B4A-11D0-8D11-00A0C91BC942}") = "DeathballTest", "..\DeathballTest\DeathballTest.vcxproj", "{E5DA439A-1A67-4385-A5B2-7E2653F1DF07}"
EndProject
Global
	GlobalSection(SolutionConfigurationPlatforms) = preSolution
		Debug|Win32 = Debug|Win32
		Debug|x64 = Debug|x64
		OpenDebug|Win32 = OpenDebug|Win32
		OpenDebug|x64 = OpenDebug|x64
		OpenRelease|Win32 = OpenRelease|Win32
		OpenRelease|x64 = OpenRelease|x64
		Release|Win32 = Release|Win32
		Release|x64 = Release|x64
	EndGlobalSection
	GlobalSection(ProjectConfigurationPlatforms) = postSolution
		{2E63AE74-758A-4607-9DE4-D28E814A6E13}.Debug|Win32.ActiveCfg = Debug|Win32
		{2E63AE74-758A-4607-9DE4-D28E814A6E13}.Debug|Win32.Build.0 = Debug|Win32
		{2E63AE74-758A-4607-9DE4-D28E814A6E13}.Debug|x64.ActiveCfg = Debug|Win32
		{2E63AE74-758A-4607-9DE4-D28E814A6E13}.OpenDebug|Win32.ActiveCfg = OpenDebug|Win32
		{2E63AE74-758A-4607-9DE4-D28E814A6E13}.OpenDebug|Win32.Build.0 = OpenDebug|Win32
		{2E63AE74-758A-4607-9DE4-D28E814A6E13}.OpenDebug|x64.ActiveCfg = OpenDebug|Win32
		{2E63AE74-758A-4607-9DE4-D28E814A6E13}.OpenRelease|Win32.ActiveCfg = OpenRelease|Win32
		{2E63AE74-758A-4607-9DE4-D28E814A6E13}.OpenRelease|Win32.Build.0 = OpenRelease|Win32
		{2E63AE74-758A-4607-9DE4-D28E814A6E13}.OpenRelease|x64.ActiveCfg = OpenRelease|Win32
		{2E63AE74-758A-4607-9DE4-D28E814A6E13}.Release|Win32.ActiveCfg = Release|Win32
		{2E63AE74-758A-4607-9DE4-D28E814A6E13}.Release|Win32.Build.0 = Release|Win32
		{2E63AE74-758A-4607-9DE4-D28E814A6E13}.Release|x64.ActiveCfg = Release|Win32
		{3A0D3499-06B0-4BA4-8160-B30D2DC98091}.Debug|Win32.ActiveCfg = Debug|Win32
		{3A0D3499-06B0-4BA4-8160-B30D2DC98091}.Debug|Win32.Build.0 = Debug|Win32
		{3A0D3499-06B0-4BA4-8160-B30D2DC98091}.Debug|x64.ActiveCfg = Debug|x64
		{3A0D3499-06B0-4BA4-8160-B30D2DC98091}.Debug|x64.Build.0 = Debug|x64
		{3A0D3499-06B0-4BA4-8160-B30D2DC98091}.OpenDebug|Win32.ActiveCfg = Debug|Win32
		{3A0D3499-06B0-4BA4-8160-B30D2DC98091}.OpenDebug|Win32.Build.0 = Debug|Win32
		{3A0D3499-06B0-4BA4-8160-B30D2DC98091}.OpenDebug|Win32.Deploy.0 = Debug|Win32
		{3A0D3499-06B0-4BA4-8160-B30D2DC98091}.OpenDebug|x64.ActiveCfg = Debug|x64
		{3A0D3499-06B0-4BA4-8160-B30D2DC98091}.OpenDebug|x64.Build.0 = Debug|x64
		{3A0D3499-06B0-4BA4-8160-B30D2DC98091}.OpenDebug|x64.Deploy.0 = Debug|x64
		{3A0D3499-06B0-4BA4-8160-B30D2DC98091}.OpenRelease|Win32.ActiveCfg = Release|Win32
		{3A0D3499-06B0-4BA4-8160-B30D2DC98091}.OpenRelease|Win32.Build.0 = Release|Win32
		{3A0D3499-06B0-4BA4-8160-B30D2DC98091}.OpenRelease|Win32.Deploy.0 = Release|Win32
		{3A0D3499-06B0-4BA4-8160-B30D2DC98091}.OpenRelease|x64.ActiveCfg = Release|x64
		{3A0D3499-06B0-4BA4-8160-B30D2DC98091}.OpenRelease|x64.Build.0 = Release|x64
		{3A0D3499-06B0-4BA4-8160-B30D2DC98091}.OpenRelease|x64.Deploy.0 = Release|x64
		{3A0D3499-06B0-4BA4-8160-B30D2DC98091}.Release|Win32.ActiveCfg = Release|Win32
		{3A0D3499-06B0-4BA4-8160-B30D2DC98091}.Release|Win32.Build.0 = Release|Win32
		{3A0D3499-06B0-4BA4-8160-B30D2DC98091}.Release|x64.ActiveCfg = Release|x64
		{3A0D3499-06B0-4BA4-8160-B30D2DC98091}.Release|x64.Build.0 = Release|x64
		{E5DA439A-1A67-4385-A5B2-7E2653F1DF07}.Debug|Win32.ActiveCfg = Debug|Win32
		{E5DA439A-1A67-4385-A5B2-7E2653F1DF07}.Debug|Win32.Build.0 = Debug|Win32
		{E5DA439A-1A67-4385-A5B2-7E2653F1DF07}.Debug|x64.ActiveCfg = Debug|x64
		{E5DA439A-1A67-4385-A5B2-7E2653F1DF07}.Debug|x64.Build.0 = Debug|x64
		{E5DA439A-1A67-4385-A5B2-7E2653F1DF07}.OpenDebug|Win32.ActiveCfg = Debug|Win32
		{E5DA439A-1A67-4385-A5B2-7E2653F1DF07}.OpenDebug|Win32.Build.0 = Debug|Win32
		{E5DA439A-1A67-4385-A5B2-7E2653F1DF07}.OpenDebug|Win32.Deploy.0 = Debug|Win32
		{E5DA439A-1A67-4385-A5B2-7E2653F1DF07}.OpenDebug|x64.ActiveCfg = Debug|x64
		{E5DA439A-1A67-4385-A5B2-7E2653F1DF07}.OpenDebug|x64.Build.0 = Debug|x64
		{E5DA439A-1A67-4385-A5B2-7E2653F1DF07}.OpenDebug|x64.Deploy.0 = Debug|x64
		{E5DA439A-1A67-4385-A5B2-7E2653F1DF07}.OpenRelease|Win32.ActiveCfg = Release|Win32
		{E5DA439A-1A67-4385-A5B2-7E2653F1DF07}.OpenRelease|Win32.Build.0 = Release|Win32
		{E5DA439A-1A67-4385-A5B2-7E2653F1DF07}.OpenRelease|Win32.Deploy.0 = Release|Win32
		{E5DA439A-1A67-4385-A5B2-7E2653F1DF07}.OpenRelease|x64.ActiveCfg = Release|x64
		{E5DA439A-1A67-4385-A5B2-7E2653F1DF07}.OpenRelease|x64.Build.0 = Release|x64
		{E5DA439A-1A67-4385-A5B2-7E2653F1DF07}.OpenRelease|x64.Deploy.0 = Release|x64
		{E5DA439A-1A67-4385-A5B2-7E2653F1DF07}.Release|Win32.ActiveCfg = Release|Win32
		{E5DA439A-1A67-4385-A5B2-7E2653F1DF07}.Release|Win32.Build.0 = Release|Win32
		{E5DA439A-1A67-4385-A5B2-7E2653F1DF07}.Release|x64.ActiveCfg = Release|x64
		{E5DA439A-1A67-4385-A5B2-7E2653F1DF07}.Release|x64.Build.0 = Release|x64
	EndGlobalSection
	GlobalSection(SolutionProperties) = preSolution
		HideSolutionNode = FALSE
	EndGlobalSection
EndGlobal
